
Microsoft Visual Studio Solution File, Format Version 12.00
# Visual Studio 15
VisualStudioVersion = 15.0.26228.4
MinimumVisualStudioVersion = 10.0.40219.1
Project("{FAE04EC0-301F-11D3-BF4B-00C04F79EFBC}") = "TimeSystem", "TimeSystem\TimeSystem.csproj", "{598D20E4-359A-4FE3-A341-F311B0D70CEB}"
EndProject
Project("{FAE04EC0-301F-11D3-BF4B-00C04F79EFBC}") = "TimeSystemManageWeb", "TimeSystemManageWeb\TimeSystemManageWeb.csproj", "{FACCF5D2-FD25-48AE-AE1F-24EDFD2EE4CB}"
EndProject
Project("{FAE04EC0-301F-11D3-BF4B-00C04F79EFBC}") = "HelpRun", "HelpRun\HelpRun.csproj", "{AC4AA79C-86E8-448D-A05A-ADFC855E5CD4}"
EndProject
Project("{FAE04EC0-301F-11D3-BF4B-00C04F79EFBC}") = "HelpRunTests", "HelpRunTests\HelpRunTests.csproj", "{C1419432-2960-48DF-BD36-402A2A1BCACD}"
EndProject
Project("{FAE04EC0-301F-11D3-BF4B-00C04F79EFBC}") = "Messenger", "Messenger\Messenger.csproj", "{19712309-EAE5-4947-9087-6C38901D2B63}"
EndProject
Project("{9092AA53-FB77-4645-B42D-1CCCA6BD08BD}") = "Taskmaster", "Taskmaster\Taskmaster.njsproj", "{D17B9DCF-4960-40FF-9959-639F42136B6E}"
EndProject
Global
	GlobalSection(SolutionConfigurationPlatforms) = preSolution
		Debug|Any CPU = Debug|Any CPU
		Release|Any CPU = Release|Any CPU
	EndGlobalSection
	GlobalSection(ProjectConfigurationPlatforms) = postSolution
		{598D20E4-359A-4FE3-A341-F311B0D70CEB}.Debug|Any CPU.ActiveCfg = Debug|Any CPU
		{598D20E4-359A-4FE3-A341-F311B0D70CEB}.Debug|Any CPU.Build.0 = Debug|Any CPU
		{598D20E4-359A-4FE3-A341-F311B0D70CEB}.Release|Any CPU.ActiveCfg = Release|Any CPU
		{598D20E4-359A-4FE3-A341-F311B0D70CEB}.Release|Any CPU.Build.0 = Release|Any CPU
		{FACCF5D2-FD25-48AE-AE1F-24EDFD2EE4CB}.Debug|Any CPU.ActiveCfg = Debug|Any CPU
		{FACCF5D2-FD25-48AE-AE1F-24EDFD2EE4CB}.Debug|Any CPU.Build.0 = Debug|Any CPU
		{FACCF5D2-FD25-48AE-AE1F-24EDFD2EE4CB}.Release|Any CPU.ActiveCfg = Release|Any CPU
		{FACCF5D2-FD25-48AE-AE1F-24EDFD2EE4CB}.Release|Any CPU.Build.0 = Release|Any CPU
		{AC4AA79C-86E8-448D-A05A-ADFC855E5CD4}.Debug|Any CPU.ActiveCfg = Debug|Any CPU
		{AC4AA79C-86E8-448D-A05A-ADFC855E5CD4}.Debug|Any CPU.Build.0 = Debug|Any CPU
		{AC4AA79C-86E8-448D-A05A-ADFC855E5CD4}.Release|Any CPU.ActiveCfg = Release|Any CPU
		{AC4AA79C-86E8-448D-A05A-ADFC855E5CD4}.Release|Any CPU.Build.0 = Release|Any CPU
		{C1419432-2960-48DF-BD36-402A2A1BCACD}.Debug|Any CPU.ActiveCfg = Debug|Any CPU
		{C1419432-2960-48DF-BD36-402A2A1BCACD}.Debug|Any CPU.Build.0 = Debug|Any CPU
		{C1419432-2960-48DF-BD36-402A2A1BCACD}.Release|Any CPU.ActiveCfg = Release|Any CPU
		{C1419432-2960-48DF-BD36-402A2A1BCACD}.Release|Any CPU.Build.0 = Release|Any CPU
		{19712309-EAE5-4947-9087-6C38901D2B63}.Debug|Any CPU.ActiveCfg = Debug|Any CPU
		{19712309-EAE5-4947-9087-6C38901D2B63}.Debug|Any CPU.Build.0 = Debug|Any CPU
		{19712309-EAE5-4947-9087-6C38901D2B63}.Release|Any CPU.ActiveCfg = Release|Any CPU
		{19712309-EAE5-4947-9087-6C38901D2B63}.Release|Any CPU.Build.0 = Release|Any CPU
		{D17B9DCF-4960-40FF-9959-639F42136B6E}.Debug|Any CPU.ActiveCfg = Debug|Any CPU
		{D17B9DCF-4960-40FF-9959-639F42136B6E}.Debug|Any CPU.Build.0 = Debug|Any CPU
		{D17B9DCF-4960-40FF-9959-639F42136B6E}.Release|Any CPU.ActiveCfg = Release|Any CPU
		{D17B9DCF-4960-40FF-9959-639F42136B6E}.Release|Any CPU.Build.0 = Release|Any CPU
	EndGlobalSection
	GlobalSection(SolutionProperties) = preSolution
		HideSolutionNode = FALSE
	EndGlobalSection
EndGlobal
